
Microsoft Visual Studio Solution File, Format Version 12.00
# Visual Studio Version 16
VisualStudioVersion = 16.0.31112.23
MinimumVisualStudioVersion = 10.0.40219.1
Project("{8BC9CEB8-8B4A-11D0-8D11-00A0C91BC942}") = "WeatherTask", "WeatherTask.vcxproj", "{DA7E2B3B-B49C-4711-8367-489BCB0D2837}"
EndProject
Global
	GlobalSection(SolutionConfigurationPlatforms) = preSolution
		Debug|x64 = Debug|x64
		Debug|x86 = Debug|x86
		Release|x64 = Release|x64
		Release|x86 = Release|x86
	EndGlobalSection
	GlobalSection(ProjectConfigurationPlatforms) = postSolution
		{DA7E2B3B-B49C-4711-8367-489BCB0D2837}.Debug|x64.ActiveCfg = Debug|x64
		{DA7E2B3B-B49C-4711-8367-489BCB0D2837}.Debug|x64.Build.0 = Debug|x64
		{DA7E2B3B-B49C-4711-8367-489BCB0D2837}.Debug|x86.ActiveCfg = Debug|Win32
		{DA7E2B3B-B49C-4711-8367-489BCB0D2837}.Debug|x86.Build.0 = Debug|Win32
		{DA7E2B3B-B49C-4711-8367-489BCB0D2837}.Release|x64.ActiveCfg = Release|x64
		{DA7E2B3B-B49C-4711-8367-489BCB0D2837}.Release|x64.Build.0 = Release|x64
		{DA7E2B3B-B49C-4711-8367-489BCB0D2837}.Release|x86.ActiveCfg = Release|Win32
		{DA7E2B3B-B49C-4711-8367-489BCB0D2837}.Release|x86.Build.0 = Release|Win32
	EndGlobalSection
	GlobalSection(SolutionProperties) = preSolution
		HideSolutionNode = FALSE
	EndGlobalSection
	GlobalSection(ExtensibilityGlobals) = postSolution
		SolutionGuid = {A0C0BF84-E30B-4899-861A-C54590BA4FF6}
	EndGlobalSection
EndGlobal
